
Microsoft Visual Studio Solution File, Format Version 12.00
# Visual Studio Version 17
VisualStudioVersion = 17.3.32929.385
MinimumVisualStudioVersion = 10.0.40219.1
Project("{FAE04EC0-301F-11D3-BF4B-00C04F79EFBC}") = "exercicio02-arquivos-final", "exercicio02-arquivos-final\exercicio02-arquivos-final.csproj", "{4CFF4B16-D616-48A6-B38F-2EB996D6B38E}"
EndProject
Global
	GlobalSection(SolutionConfigurationPlatforms) = preSolution
		Debug|Any CPU = Debug|Any CPU
		Release|Any CPU = Release|Any CPU
	EndGlobalSection
	GlobalSection(ProjectConfigurationPlatforms) = postSolution
		{4CFF4B16-D616-48A6-B38F-2EB996D6B38E}.Debug|Any CPU.ActiveCfg = Debug|Any CPU
		{4CFF4B16-D616-48A6-B38F-2EB996D6B38E}.Debug|Any CPU.Build.0 = Debug|Any CPU
		{4CFF4B16-D616-48A6-B38F-2EB996D6B38E}.Release|Any CPU.ActiveCfg = Release|Any CPU
		{4CFF4B16-D616-48A6-B38F-2EB996D6B38E}.Release|Any CPU.Build.0 = Release|Any CPU
	EndGlobalSection
	GlobalSection(SolutionProperties) = preSolution
		HideSolutionNode = FALSE
	EndGlobalSection
	GlobalSection(ExtensibilityGlobals) = postSolution
		SolutionGuid = {8246F225-607E-461F-AB9F-4DBD576C54C7}
	EndGlobalSection
EndGlobal
