
Microsoft Visual Studio Solution File, Format Version 12.00
# Visual Studio Version 17
VisualStudioVersion = 17.3.32929.385
MinimumVisualStudioVersion = 10.0.40219.1
Project("{FAE04EC0-301F-11D3-BF4B-00C04F79EFBC}") = "Exercícios_01", "Exercícios_01\Exercícios_01.csproj", "{05A4C69D-BA5A-44A4-99CB-F3D8FB20B74D}"
EndProject
Global
	GlobalSection(SolutionConfigurationPlatforms) = preSolution
		Debug|Any CPU = Debug|Any CPU
		Release|Any CPU = Release|Any CPU
	EndGlobalSection
	GlobalSection(ProjectConfigurationPlatforms) = postSolution
		{05A4C69D-BA5A-44A4-99CB-F3D8FB20B74D}.Debug|Any CPU.ActiveCfg = Debug|Any CPU
		{05A4C69D-BA5A-44A4-99CB-F3D8FB20B74D}.Debug|Any CPU.Build.0 = Debug|Any CPU
		{05A4C69D-BA5A-44A4-99CB-F3D8FB20B74D}.Release|Any CPU.ActiveCfg = Release|Any CPU
		{05A4C69D-BA5A-44A4-99CB-F3D8FB20B74D}.Release|Any CPU.Build.0 = Release|Any CPU
	EndGlobalSection
	GlobalSection(SolutionProperties) = preSolution
		HideSolutionNode = FALSE
	EndGlobalSection
	GlobalSection(ExtensibilityGlobals) = postSolution
		SolutionGuid = {38062038-F09D-413F-B4DA-4513FDE39B32}
	EndGlobalSection
EndGlobal
