
Microsoft Visual Studio Solution File, Format Version 12.00
# Visual Studio Version 17
VisualStudioVersion = 17.3.32929.385
MinimumVisualStudioVersion = 10.0.40219.1
Project("{FAE04EC0-301F-11D3-BF4B-00C04F79EFBC}") = "Exercícios OO", "Exercícios OO\Exercícios OO.csproj", "{4330FF51-79F4-4E05-8DE8-4B3EE4322767}"
EndProject
Global
	GlobalSection(SolutionConfigurationPlatforms) = preSolution
		Debug|Any CPU = Debug|Any CPU
		Release|Any CPU = Release|Any CPU
	EndGlobalSection
	GlobalSection(ProjectConfigurationPlatforms) = postSolution
		{4330FF51-79F4-4E05-8DE8-4B3EE4322767}.Debug|Any CPU.ActiveCfg = Debug|Any CPU
		{4330FF51-79F4-4E05-8DE8-4B3EE4322767}.Debug|Any CPU.Build.0 = Debug|Any CPU
		{4330FF51-79F4-4E05-8DE8-4B3EE4322767}.Release|Any CPU.ActiveCfg = Release|Any CPU
		{4330FF51-79F4-4E05-8DE8-4B3EE4322767}.Release|Any CPU.Build.0 = Release|Any CPU
	EndGlobalSection
	GlobalSection(SolutionProperties) = preSolution
		HideSolutionNode = FALSE
	EndGlobalSection
	GlobalSection(ExtensibilityGlobals) = postSolution
		SolutionGuid = {3D8A7CFF-58C8-43B6-86C6-ACE39B13A3AA}
	EndGlobalSection
EndGlobal
