
Microsoft Visual Studio Solution File, Format Version 12.00
# Visual Studio Version 17
VisualStudioVersion = 17.3.32929.385
MinimumVisualStudioVersion = 10.0.40219.1
Project("{FAE04EC0-301F-11D3-BF4B-00C04F79EFBC}") = "Exercícios 06 - Orientação ao Objeto", "Exercícios 06 - Orientação ao Objeto\Exercícios 06 - Orientação ao Objeto.csproj", "{BA33E2EC-BE9E-44B6-860A-B5414558ACDA}"
EndProject
Global
	GlobalSection(SolutionConfigurationPlatforms) = preSolution
		Debug|Any CPU = Debug|Any CPU
		Release|Any CPU = Release|Any CPU
	EndGlobalSection
	GlobalSection(ProjectConfigurationPlatforms) = postSolution
		{BA33E2EC-BE9E-44B6-860A-B5414558ACDA}.Debug|Any CPU.ActiveCfg = Debug|Any CPU
		{BA33E2EC-BE9E-44B6-860A-B5414558ACDA}.Debug|Any CPU.Build.0 = Debug|Any CPU
		{BA33E2EC-BE9E-44B6-860A-B5414558ACDA}.Release|Any CPU.ActiveCfg = Release|Any CPU
		{BA33E2EC-BE9E-44B6-860A-B5414558ACDA}.Release|Any CPU.Build.0 = Release|Any CPU
	EndGlobalSection
	GlobalSection(SolutionProperties) = preSolution
		HideSolutionNode = FALSE
	EndGlobalSection
	GlobalSection(ExtensibilityGlobals) = postSolution
		SolutionGuid = {38E6EBD5-02F0-47A6-9A7C-B061EF1D69BD}
	EndGlobalSection
EndGlobal
