
Microsoft Visual Studio Solution File, Format Version 12.00
# Visual Studio Version 17
VisualStudioVersion = 17.3.32922.545
MinimumVisualStudioVersion = 10.0.40219.1
Project("{FAE04EC0-301F-11D3-BF4B-00C04F79EFBC}") = "Exercícios Matrizes", "Exercícios Matrizes\Exercícios Matrizes.csproj", "{8837375D-6928-40D4-B2ED-F1894A8AF1C0}"
EndProject
Global
	GlobalSection(SolutionConfigurationPlatforms) = preSolution
		Debug|Any CPU = Debug|Any CPU
		Release|Any CPU = Release|Any CPU
	EndGlobalSection
	GlobalSection(ProjectConfigurationPlatforms) = postSolution
		{8837375D-6928-40D4-B2ED-F1894A8AF1C0}.Debug|Any CPU.ActiveCfg = Debug|Any CPU
		{8837375D-6928-40D4-B2ED-F1894A8AF1C0}.Debug|Any CPU.Build.0 = Debug|Any CPU
		{8837375D-6928-40D4-B2ED-F1894A8AF1C0}.Release|Any CPU.ActiveCfg = Release|Any CPU
		{8837375D-6928-40D4-B2ED-F1894A8AF1C0}.Release|Any CPU.Build.0 = Release|Any CPU
	EndGlobalSection
	GlobalSection(SolutionProperties) = preSolution
		HideSolutionNode = FALSE
	EndGlobalSection
	GlobalSection(ExtensibilityGlobals) = postSolution
		SolutionGuid = {2F8BABE3-7FD0-4952-B1FF-CD0C1B060608}
	EndGlobalSection
EndGlobal
